
Microsoft Visual Studio Solution File, Format Version 12.00
# Visual Studio Version 17
VisualStudioVersion = 17.10.35004.147
MinimumVisualStudioVersion = 10.0.40219.1
Project("{FAE04EC0-301F-11D3-BF4B-00C04F79EFBC}") = "Deutschland-Game", "Deutschland-Game.csproj", "{CF997146-2997-4272-8EA4-DA4AA19B7A7E}"
EndProject
Global
	GlobalSection(SolutionConfigurationPlatforms) = preSolution
		Debug|Any CPU = Debug|Any CPU
		Release|Any CPU = Release|Any CPU
	EndGlobalSection
	GlobalSection(ProjectConfigurationPlatforms) = postSolution
		{CF997146-2997-4272-8EA4-DA4AA19B7A7E}.Debug|Any CPU.ActiveCfg = Debug|Any CPU
		{CF997146-2997-4272-8EA4-DA4AA19B7A7E}.Debug|Any CPU.Build.0 = Debug|Any CPU
		{CF997146-2997-4272-8EA4-DA4AA19B7A7E}.Debug|Any CPU.Deploy.0 = Debug|Any CPU
		{CF997146-2997-4272-8EA4-DA4AA19B7A7E}.Release|Any CPU.ActiveCfg = Release|Any CPU
		{CF997146-2997-4272-8EA4-DA4AA19B7A7E}.Release|Any CPU.Build.0 = Release|Any CPU
		{CF997146-2997-4272-8EA4-DA4AA19B7A7E}.Release|Any CPU.Deploy.0 = Release|Any CPU
	EndGlobalSection
	GlobalSection(SolutionProperties) = preSolution
		HideSolutionNode = FALSE
	EndGlobalSection
	GlobalSection(ExtensibilityGlobals) = postSolution
		SolutionGuid = {D0BCD9CE-0752-4DB9-B92C-3A77ECC6DD0E}
	EndGlobalSection
EndGlobal
